
Microsoft Visual Studio Solution File, Format Version 12.00
# Visual Studio Version 16
VisualStudioVersion = 16.0.32002.261
MinimumVisualStudioVersion = 10.0.40219.1
Project("{FAE04EC0-301F-11D3-BF4B-00C04F79EFBC}") = "Start Bootstrap(Landing-page)", "Start Bootstrap(Landing-page)\Start Bootstrap(Landing-page).csproj", "{4258A458-525C-4669-8798-ADCF7D1FA79B}"
EndProject
Global
	GlobalSection(SolutionConfigurationPlatforms) = preSolution
		Debug|Any CPU = Debug|Any CPU
		Release|Any CPU = Release|Any CPU
	EndGlobalSection
	GlobalSection(ProjectConfigurationPlatforms) = postSolution
		{4258A458-525C-4669-8798-ADCF7D1FA79B}.Debug|Any CPU.ActiveCfg = Debug|Any CPU
		{4258A458-525C-4669-8798-ADCF7D1FA79B}.Debug|Any CPU.Build.0 = Debug|Any CPU
		{4258A458-525C-4669-8798-ADCF7D1FA79B}.Release|Any CPU.ActiveCfg = Release|Any CPU
		{4258A458-525C-4669-8798-ADCF7D1FA79B}.Release|Any CPU.Build.0 = Release|Any CPU
	EndGlobalSection
	GlobalSection(SolutionProperties) = preSolution
		HideSolutionNode = FALSE
	EndGlobalSection
	GlobalSection(ExtensibilityGlobals) = postSolution
		SolutionGuid = {B3FC145E-C8B2-46AC-ACAC-3F2243F1818D}
	EndGlobalSection
EndGlobal
